
Microsoft Visual Studio Solution File, Format Version 12.00
# Visual Studio Version 16
VisualStudioVersion = 16.0.32106.194
MinimumVisualStudioVersion = 10.0.40219.1
Project("{FAE04EC0-301F-11D3-BF4B-00C04F79EFBC}") = "Курсова", "Курсова\Курсова.csproj", "{3337F1BF-5ED7-4EE2-90CB-4617B805012F}"
EndProject
Global
	GlobalSection(SolutionConfigurationPlatforms) = preSolution
		Debug|Any CPU = Debug|Any CPU
		Release|Any CPU = Release|Any CPU
	EndGlobalSection
	GlobalSection(ProjectConfigurationPlatforms) = postSolution
		{3337F1BF-5ED7-4EE2-90CB-4617B805012F}.Debug|Any CPU.ActiveCfg = Debug|Any CPU
		{3337F1BF-5ED7-4EE2-90CB-4617B805012F}.Debug|Any CPU.Build.0 = Debug|Any CPU
		{3337F1BF-5ED7-4EE2-90CB-4617B805012F}.Release|Any CPU.ActiveCfg = Release|Any CPU
		{3337F1BF-5ED7-4EE2-90CB-4617B805012F}.Release|Any CPU.Build.0 = Release|Any CPU
	EndGlobalSection
	GlobalSection(SolutionProperties) = preSolution
		HideSolutionNode = FALSE
	EndGlobalSection
	GlobalSection(ExtensibilityGlobals) = postSolution
		SolutionGuid = {FA47DA0B-E716-4CA2-89A5-3EC6B010538E}
	EndGlobalSection
EndGlobal
